// !$*UTF8*$!
{
	archiveVersion = 1;
	classes = {
	};
	objectVersion = 50;
	objects = {

/* Begin PBXBuildFile section */
		840822FB24D3E436007D0769 /* AppDelegate.swift in Sources */ = {isa = PBXBuildFile; fileRef = 840822FA24D3E436007D0769 /* AppDelegate.swift */; };
		840822FD24D3E436007D0769 /* ViewController.swift in Sources */ = {isa = PBXBuildFile; fileRef = 840822FC24D3E436007D0769 /* ViewController.swift */; };
		8408230024D3E436007D0769 /* Main.storyboard in Resources */ = {isa = PBXBuildFile; fileRef = 840822FE24D3E436007D0769 /* Main.storyboard */; };
		8408230224D3E436007D0769 /* Assets.xcassets in Resources */ = {isa = PBXBuildFile; fileRef = 8408230124D3E436007D0769 /* Assets.xcassets */; };
		8408230524D3E436007D0769 /* LaunchScreen.storyboard in Resources */ = {isa = PBXBuildFile; fileRef = 8408230324D3E436007D0769 /* LaunchScreen.storyboard */; };
		8408231324D3E480007D0769 /* libEsptouch_v0.3.5.1.a in Frameworks */ = {isa = PBXBuildFile; fileRef = 8408231224D3E480007D0769 /* libEsptouch_v0.3.5.1.a */; };
		8408231624D3E4DB007D0769 /* bridge.m in Sources */ = {isa = PBXBuildFile; fileRef = 8408231524D3E4DB007D0769 /* bridge.m */; };
		8408231C24D3E5F9007D0769 /* ESPAES.m in Sources */ = {isa = PBXBuildFile; fileRef = 8408231A24D3E5F9007D0769 /* ESPAES.m */; };
		8408247224D3EF47007D0769 /* assets in Resources */ = {isa = PBXBuildFile; fileRef = 8408247124D3EF47007D0769 /* assets */; };
/* End PBXBuildFile section */

/* Begin PBXFileReference section */
		840822F724D3E436007D0769 /* Three3D.app */ = {isa = PBXFileReference; explicitFileType = wrapper.application; includeInIndex = 0; path = Three3D.app; sourceTree = BUILT_PRODUCTS_DIR; };
		840822FA24D3E436007D0769 /* AppDelegate.swift */ = {isa = PBXFileReference; lastKnownFileType = sourcecode.swift; path = AppDelegate.swift; sourceTree = "<group>"; };
		840822FC24D3E436007D0769 /* ViewController.swift */ = {isa = PBXFileReference; lastKnownFileType = sourcecode.swift; path = ViewController.swift; sourceTree = "<group>"; };
		840822FF24D3E436007D0769 /* Base */ = {isa = PBXFileReference; lastKnownFileType = file.storyboard; name = Base; path = Base.lproj/Main.storyboard; sourceTree = "<group>"; };
		8408230124D3E436007D0769 /* Assets.xcassets */ = {isa = PBXFileReference; lastKnownFileType = folder.assetcatalog; path = Assets.xcassets; sourceTree = "<group>"; };
		8408230424D3E436007D0769 /* Base */ = {isa = PBXFileReference; lastKnownFileType = file.storyboard; name = Base; path = Base.lproj/LaunchScreen.storyboard; sourceTree = "<group>"; };
		8408230624D3E436007D0769 /* Info.plist */ = {isa = PBXFileReference; lastKnownFileType = text.plist.xml; path = Info.plist; sourceTree = "<group>"; };
		8408230F24D3E480007D0769 /* ESPTouchResult.h */ = {isa = PBXFileReference; fileEncoding = 4; lastKnownFileType = sourcecode.c.h; path = ESPTouchResult.h; sourceTree = "<group>"; };
		8408231024D3E480007D0769 /* ESPTouchDelegate.h */ = {isa = PBXFileReference; fileEncoding = 4; lastKnownFileType = sourcecode.c.h; path = ESPTouchDelegate.h; sourceTree = "<group>"; };
		8408231124D3E480007D0769 /* ESPTouchTask.h */ = {isa = PBXFileReference; fileEncoding = 4; lastKnownFileType = sourcecode.c.h; path = ESPTouchTask.h; sourceTree = "<group>"; };
		8408231224D3E480007D0769 /* libEsptouch_v0.3.5.1.a */ = {isa = PBXFileReference; lastKnownFileType = archive.ar; path = libEsptouch_v0.3.5.1.a; sourceTree = "<group>"; };
		8408231424D3E4DB007D0769 /* Three3D-Bridging-Header.h */ = {isa = PBXFileReference; lastKnownFileType = sourcecode.c.h; path = "Three3D-Bridging-Header.h"; sourceTree = "<group>"; };
		8408231524D3E4DB007D0769 /* bridge.m */ = {isa = PBXFileReference; lastKnownFileType = sourcecode.c.objc; path = bridge.m; sourceTree = "<group>"; };
		8408231A24D3E5F9007D0769 /* ESPAES.m */ = {isa = PBXFileReference; fileEncoding = 4; lastKnownFileType = sourcecode.c.objc; path = ESPAES.m; sourceTree = "<group>"; };
		8408231B24D3E5F9007D0769 /* ESPAES.h */ = {isa = PBXFileReference; fileEncoding = 4; lastKnownFileType = sourcecode.c.h; path = ESPAES.h; sourceTree = "<group>"; };
		8408247124D3EF47007D0769 /* assets */ = {isa = PBXFileReference; lastKnownFileType = folder; path = assets; sourceTree = "<group>"; };
/* End PBXFileReference section */

/* Begin PBXFrameworksBuildPhase section */
		840822F424D3E436007D0769 /* Frameworks */ = {
			isa = PBXFrameworksBuildPhase;
			buildActionMask = 2147483647;
			files = (
				8408231324D3E480007D0769 /* libEsptouch_v0.3.5.1.a in Frameworks */,
			);
			runOnlyForDeploymentPostprocessing = 0;
		};
/* End PBXFrameworksBuildPhase section */

/* Begin PBXGroup section */
		840822EE24D3E436007D0769 = {
			isa = PBXGroup;
			children = (
				840822F924D3E436007D0769 /* Three3D */,
				840822F824D3E436007D0769 /* Products */,
			);
			sourceTree = "<group>";
		};
		840822F824D3E436007D0769 /* Products */ = {
			isa = PBXGroup;
			children = (
				840822F724D3E436007D0769 /* Three3D.app */,
			);
			name = Products;
			sourceTree = "<group>";
		};
		840822F924D3E436007D0769 /* Three3D */ = {
			isa = PBXGroup;
			children = (
				8408247124D3EF47007D0769 /* assets */,
				8408230E24D3E46A007D0769 /* ESPtouch */,
				840822FA24D3E436007D0769 /* AppDelegate.swift */,
				840822FC24D3E436007D0769 /* ViewController.swift */,
				840822FE24D3E436007D0769 /* Main.storyboard */,
				8408230124D3E436007D0769 /* Assets.xcassets */,
				8408230324D3E436007D0769 /* LaunchScreen.storyboard */,
				8408230624D3E436007D0769 /* Info.plist */,
				8408231524D3E4DB007D0769 /* bridge.m */,
				8408231424D3E4DB007D0769 /* Three3D-Bridging-Header.h */,
			);
			path = Three3D;
			sourceTree = "<group>";
		};
		8408230E24D3E46A007D0769 /* ESPtouch */ = {
			isa = PBXGroup;
			children = (
				8408231B24D3E5F9007D0769 /* ESPAES.h */,
				8408231A24D3E5F9007D0769 /* ESPAES.m */,
				8408231024D3E480007D0769 /* ESPTouchDelegate.h */,
				8408230F24D3E480007D0769 /* ESPTouchResult.h */,
				8408231124D3E480007D0769 /* ESPTouchTask.h */,
				8408231224D3E480007D0769 /* libEsptouch_v0.3.5.1.a */,
			);
			path = ESPtouch;
			sourceTree = "<group>";
		};
/* End PBXGroup section */

/* Begin PBXNativeTarget section */
		840822F624D3E436007D0769 /* Three3D */ = {
			isa = PBXNativeTarget;
			buildConfigurationList = 8408230924D3E436007D0769 /* Build configuration list for PBXNativeTarget "Three3D" */;
			buildPhases = (
				840822F324D3E436007D0769 /* Sources */,
				840822F424D3E436007D0769 /* Frameworks */,
				840822F524D3E436007D0769 /* Resources */,
			);
			buildRules = (
			);
			dependencies = (
			);
			name = Three3D;
			productName = Three3D;
			productReference = 840822F724D3E436007D0769 /* Three3D.app */;
			productType = "com.apple.product-type.application";
		};
/* End PBXNativeTarget section */

/* Begin PBXProject section */
		840822EF24D3E436007D0769 /* Project object */ = {
			isa = PBXProject;
			attributes = {
				LastSwiftUpdateCheck = 1010;
				LastUpgradeCheck = 1010;
				ORGANIZATIONNAME = Kairong;
				TargetAttributes = {
					840822F624D3E436007D0769 = {
						CreatedOnToolsVersion = 10.1;
						LastSwiftMigration = 1010;
					};
				};
			};
			buildConfigurationList = 840822F224D3E436007D0769 /* Build configuration list for PBXProject "Three3D" */;
			compatibilityVersion = "Xcode 9.3";
			developmentRegion = en;
			hasScannedForEncodings = 0;
			knownRegions = (
				en,
				Base,
			);
			mainGroup = 840822EE24D3E436007D0769;
			productRefGroup = 840822F824D3E436007D0769 /* Products */;
			projectDirPath = "";
			projectRoot = "";
			targets = (
				840822F624D3E436007D0769 /* Three3D */,
			);
		};
/* End PBXProject section */

/* Begin PBXResourcesBuildPhase section */
		840822F524D3E436007D0769 /* Resources */ = {
			isa = PBXResourcesBuildPhase;
			buildActionMask = 2147483647;
			files = (
				8408230524D3E436007D0769 /* LaunchScreen.storyboard in Resources */,
				8408247224D3EF47007D0769 /* assets in Resources */,
				8408230224D3E436007D0769 /* Assets.xcassets in Resources */,
				8408230024D3E436007D0769 /* Main.storyboard in Resources */,
			);
			runOnlyForDeploymentPostprocessing = 0;
		};
/* End PBXResourcesBuildPhase section */

/* Begin PBXSourcesBuildPhase section */
		840822F324D3E436007D0769 /* Sources */ = {
			isa = PBXSourcesBuildPhase;
			buildActionMask = 2147483647;
			files = (
				8408231C24D3E5F9007D0769 /* ESPAES.m in Sources */,
				8408231624D3E4DB007D0769 /* bridge.m in Sources */,
				840822FD24D3E436007D0769 /* ViewController.swift in Sources */,
				840822FB24D3E436007D0769 /* AppDelegate.swift in Sources */,
			);
			runOnlyForDeploymentPostprocessing = 0;
		};
/* End PBXSourcesBuildPhase section */

/* Begin PBXVariantGroup section */
		840822FE24D3E436007D0769 /* Main.storyboard */ = {
			isa = PBXVariantGroup;
			children = (
				840822FF24D3E436007D0769 /* Base */,
			);
			name = Main.storyboard;
			sourceTree = "<group>";
		};
		8408230324D3E436007D0769 /* LaunchScreen.storyboard */ = {
			isa = PBXVariantGroup;
			children = (
				8408230424D3E436007D0769 /* Base */,
			);
			name = LaunchScreen.storyboard;
			sourceTree = "<group>";
		};
/* End PBXVariantGroup section */

/* Begin XCBuildConfiguration section */
		8408230724D3E436007D0769 /* Debug */ = {
			isa = XCBuildConfiguration;
			buildSettings = {
				ALWAYS_SEARCH_USER_PATHS = NO;
				CLANG_ANALYZER_NONNULL = YES;
				CLANG_ANALYZER_NUMBER_OBJECT_CONVERSION = YES_AGGRESSIVE;
				CLANG_CXX_LANGUAGE_STANDARD = "gnu++14";
				CLANG_CXX_LIBRARY = "libc++";
				CLANG_ENABLE_MODULES = YES;
				CLANG_ENABLE_OBJC_ARC = YES;
				CLANG_ENABLE_OBJC_WEAK = YES;
				CLANG_WARN_BLOCK_CAPTURE_AUTORELEASING = YES;
				CLANG_WARN_BOOL_CONVERSION = YES;
				CLANG_WARN_COMMA = YES;
				CLANG_WARN_CONSTANT_CONVERSION = YES;
				CLANG_WARN_DEPRECATED_OBJC_IMPLEMENTATIONS = YES;
				CLANG_WARN_DIRECT_OBJC_ISA_USAGE = YES_ERROR;
				CLANG_WARN_DOCUMENTATION_COMMENTS = YES;
				CLANG_WARN_EMPTY_BODY = YES;
				CLANG_WARN_ENUM_CONVERSION = YES;
				CLANG_WARN_INFINITE_RECURSION = YES;
				CLANG_WARN_INT_CONVERSION = YES;
				CLANG_WARN_NON_LITERAL_NULL_CONVERSION = YES;
				CLANG_WARN_OBJC_IMPLICIT_RETAIN_SELF = YES;
				CLANG_WARN_OBJC_LITERAL_CONVERSION = YES;
				CLANG_WARN_OBJC_ROOT_CLASS = YES_ERROR;
				CLANG_WARN_RANGE_LOOP_ANALYSIS = YES;
				CLANG_WARN_STRICT_PROTOTYPES = YES;
				CLANG_WARN_SUSPICIOUS_MOVE = YES;
				CLANG_WARN_UNGUARDED_AVAILABILITY = YES_AGGRESSIVE;
				CLANG_WARN_UNREACHABLE_CODE = YES;
				CLANG_WARN__DUPLICATE_METHOD_MATCH = YES;
				CODE_SIGN_IDENTITY = "iPhone Developer";
				COPY_PHASE_STRIP = NO;
				DEBUG_INFORMATION_FORMAT = dwarf;
				ENABLE_STRICT_OBJC_MSGSEND = YES;
				ENABLE_TESTABILITY = YES;
				GCC_C_LANGUAGE_STANDARD = gnu11;
				GCC_DYNAMIC_NO_PIC = NO;
				GCC_NO_COMMON_BLOCKS = YES;
				GCC_OPTIMIZATION_LEVEL = 0;
				GCC_PREPROCESSOR_DEFINITIONS = (
					"DEBUG=1",
					"$(inherited)",
				);
				GCC_WARN_64_TO_32_BIT_CONVERSION = YES;
				GCC_WARN_ABOUT_RETURN_TYPE = YES_ERROR;
				GCC_WARN_UNDECLARED_SELECTOR = YES;
				GCC_WARN_UNINITIALIZED_AUTOS = YES_AGGRESSIVE;
				GCC_WARN_UNUSED_FUNCTION = YES;
				GCC_WARN_UNUSED_VARIABLE = YES;
				IPHONEOS_DEPLOYMENT_TARGET = 12.1;
				MTL_ENABLE_DEBUG_INFO = INCLUDE_SOURCE;
				MTL_FAST_MATH = YES;
				ONLY_ACTIVE_ARCH = YES;
				SDKROOT = iphoneos;
				SWIFT_ACTIVE_COMPILATION_CONDITIONS = DEBUG;
				SWIFT_OPTIMIZATION_LEVEL = "-Onone";
			};
			name = Debug;
		};
		8408230824D3E436007D0769 /* Release */ = {
			isa = XCBuildConfiguration;
			buildSettings = {
				ALWAYS_SEARCH_USER_PATHS = NO;
				CLANG_ANALYZER_NONNULL = YES;
				CLANG_ANALYZER_NUMBER_OBJECT_CONVERSION = YES_AGGRESSIVE;
				CLANG_CXX_LANGUAGE_STANDARD = "gnu++14";
				CLANG_CXX_LIBRARY = "libc++";
				CLANG_ENABLE_MODULES = YES;
				CLANG_ENABLE_OBJC_ARC = YES;
				CLANG_ENABLE_OBJC_WEAK = YES;
				CLANG_WARN_BLOCK_CAPTURE_AUTORELEASING = YES;
				CLANG_WARN_BOOL_CONVERSION = YES;
				CLANG_WARN_COMMA = YES;
				CLANG_WARN_CONSTANT_CONVERSION = YES;
				CLANG_WARN_DEPRECATED_OBJC_IMPLEMENTATIONS = YES;
				CLANG_WARN_DIRECT_OBJC_ISA_USAGE = YES_ERROR;
				CLANG_WARN_DOCUMENTATION_COMMENTS = YES;
				CLANG_WARN_EMPTY_BODY = YES;
				CLANG_WARN_ENUM_CONVERSION = YES;
				CLANG_WARN_INFINITE_RECURSION = YES;
				CLANG_WARN_INT_CONVERSION = YES;
				CLANG_WARN_NON_LITERAL_NULL_CONVERSION = YES;
				CLANG_WARN_OBJC_IMPLICIT_RETAIN_SELF = YES;
				CLANG_WARN_OBJC_LITERAL_CONVERSION = YES;
				CLANG_WARN_OBJC_ROOT_CLASS = YES_ERROR;
				CLANG_WARN_RANGE_LOOP_ANALYSIS = YES;
				CLANG_WARN_STRICT_PROTOTYPES = YES;
				CLANG_WARN_SUSPICIOUS_MOVE = YES;
				CLANG_WARN_UNGUARDED_AVAILABILITY = YES_AGGRESSIVE;
				CLANG_WARN_UNREACHABLE_CODE = YES;
				CLANG_WARN__DUPLICATE_METHOD_MATCH = YES;
				CODE_SIGN_IDENTITY = "iPhone Developer";
				COPY_PHASE_STRIP = NO;
				DEBUG_INFORMATION_FORMAT = "dwarf-with-dsym";
				ENABLE_NS_ASSERTIONS = NO;
				ENABLE_STRICT_OBJC_MSGSEND = YES;
				GCC_C_LANGUAGE_STANDARD = gnu11;
				GCC_NO_COMMON_BLOCKS = YES;
				GCC_WARN_64_TO_32_BIT_CONVERSION = YES;
				GCC_WARN_ABOUT_RETURN_TYPE = YES_ERROR;
				GCC_WARN_UNDECLARED_SELECTOR = YES;
				GCC_WARN_UNINITIALIZED_AUTOS = YES_AGGRESSIVE;
				GCC_WARN_UNUSED_FUNCTION = YES;
				GCC_WARN_UNUSED_VARIABLE = YES;
				IPHONEOS_DEPLOYMENT_TARGET = 12.1;
				MTL_ENABLE_DEBUG_INFO = NO;
				MTL_FAST_MATH = YES;
				SDKROOT = iphoneos;
				SWIFT_COMPILATION_MODE = wholemodule;
				SWIFT_OPTIMIZATION_LEVEL = "-O";
				VALIDATE_PRODUCT = YES;
			};
			name = Release;
		};
		8408230A24D3E436007D0769 /* Debug */ = {
			isa = XCBuildConfiguration;
			buildSettings = {
				ASSETCATALOG_COMPILER_APPICON_NAME = AppIcon;
				CLANG_ENABLE_MODULES = YES;
				CODE_SIGN_STYLE = Automatic;
				DEVELOPMENT_TEAM = 983MVWKP57;
				INFOPLIST_FILE = Three3D/Info.plist;
				LD_RUNPATH_SEARCH_PATHS = (
					"$(inherited)",
					"@executable_path/Frameworks",
				);
				LIBRARY_SEARCH_PATHS = (
					"$(inherited)",
					"$(PROJECT_DIR)/Three3D/ESPtouch",
				);
				PRODUCT_BUNDLE_IDENTIFIER = com.kairong.Three3D;
				PRODUCT_NAME = "$(TARGET_NAME)";
				SWIFT_OBJC_BRIDGING_HEADER = "Three3D/Three3D-Bridging-Header.h";
				SWIFT_OPTIMIZATION_LEVEL = "-Onone";
				SWIFT_VERSION = 4.2;
				TARGETED_DEVICE_FAMILY = "1,2";
			};
			name = Debug;
		};
		8408230B24D3E436007D0769 /* Release */ = {
			isa = XCBuildConfiguration;
			buildSettings = {
				ASSETCATALOG_COMPILER_APPICON_NAME = AppIcon;
				CLANG_ENABLE_MODULES = YES;
				CODE_SIGN_STYLE = Automatic;
				DEVELOPMENT_TEAM = 983MVWKP57;
				INFOPLIST_FILE = Three3D/Info.plist;
				LD_RUNPATH_SEARCH_PATHS = (
					"$(inherited)",
					"@executable_path/Frameworks",
				);
				LIBRARY_SEARCH_PATHS = (
					"$(inherited)",
					"$(PROJECT_DIR)/Three3D/ESPtouch",
				);
				PRODUCT_BUNDLE_IDENTIFIER = com.kairong.Three3D;
				PRODUCT_NAME = "$(TARGET_NAME)";
				SWIFT_OBJC_BRIDGING_HEADER = "Three3D/Three3D-Bridging-Header.h";
				SWIFT_VERSION = 4.2;
				TARGETED_DEVICE_FAMILY = "1,2";
			};
			name = Release;
		};
/* End XCBuildConfiguration section */

/* Begin XCConfigurationList section */
		840822F224D3E436007D0769 /* Build configuration list for PBXProject "Three3D" */ = {
			isa = XCConfigurationList;
			buildConfigurations = (
				8408230724D3E436007D0769 /* Debug */,
				8408230824D3E436007D0769 /* Release */,
			);
			defaultConfigurationIsVisible = 0;
			defaultConfigurationName = Release;
		};
		8408230924D3E436007D0769 /* Build configuration list for PBXNativeTarget "Three3D" */ = {
			isa = XCConfigurationList;
			buildConfigurations = (
				8408230A24D3E436007D0769 /* Debug */,
				8408230B24D3E436007D0769 /* Release */,
			);
			defaultConfigurationIsVisible = 0;
			defaultConfigurationName = Release;
		};
/* End XCConfigurationList section */
	};
	rootObject = 840822EF24D3E436007D0769 /* Project object */;
}
