// !$*UTF8*$!
{
	archiveVersion = 1;
	classes = {
	};
	objectVersion = 51;
	objects = {

/* Begin PBXBuildFile section */
		840822FB24D3E436007D0769 /* AppDelegate.swift in Sources */ = {isa = PBXBuildFile; fileRef = 840822FA24D3E436007D0769 /* AppDelegate.swift */; };
		840822FD24D3E436007D0769 /* ViewController.swift in Sources */ = {isa = PBXBuildFile; fileRef = 840822FC24D3E436007D0769 /* ViewController.swift */; };
		8408230024D3E436007D0769 /* Main.storyboard in Resources */ = {isa = PBXBuildFile; fileRef = 840822FE24D3E436007D0769 /* Main.storyboard */; };
		8408230224D3E436007D0769 /* Assets.xcassets in Resources */ = {isa = PBXBuildFile; fileRef = 8408230124D3E436007D0769 /* Assets.xcassets */; };
		8408230524D3E436007D0769 /* LaunchScreen.storyboard in Resources */ = {isa = PBXBuildFile; fileRef = 8408230324D3E436007D0769 /* LaunchScreen.storyboard */; };
		8408247224D3EF47007D0769 /* assets in Resources */ = {isa = PBXBuildFile; fileRef = 8408247124D3EF47007D0769 /* assets */; };
		8408252F24D939E5007D0769 /* libiconv.tbd in Frameworks */ = {isa = PBXBuildFile; fileRef = 8408252E24D939E5007D0769 /* libiconv.tbd */; };
		8408253224DA5921007D0769 /* AlamofireTools.swift in Sources */ = {isa = PBXBuildFile; fileRef = 8408253124DA5921007D0769 /* AlamofireTools.swift */; };
		8408253424DA59FF007D0769 /* FileTools.swift in Sources */ = {isa = PBXBuildFile; fileRef = 8408253324DA59FF007D0769 /* FileTools.swift */; };
		8408253724DA5D28007D0769 /* WebHost.swift in Sources */ = {isa = PBXBuildFile; fileRef = 8408253624DA5D28007D0769 /* WebHost.swift */; };
		8408253924DA8956007D0769 /* StlDealToos.swift in Sources */ = {isa = PBXBuildFile; fileRef = 8408253824DA8956007D0769 /* StlDealToos.swift */; };
		8408253B24DA8B05007D0769 /* StlGcode.swift in Sources */ = {isa = PBXBuildFile; fileRef = 8408253A24DA8B05007D0769 /* StlGcode.swift */; };
		8408253D24DA9E5E007D0769 /* StringTools.swift in Sources */ = {isa = PBXBuildFile; fileRef = 8408253C24DA9E5E007D0769 /* StringTools.swift */; };
		8408253F24DAAABA007D0769 /* FMDBManager.swift in Sources */ = {isa = PBXBuildFile; fileRef = 8408253E24DAAABA007D0769 /* FMDBManager.swift */; };
		8408254124DBAAA6007D0769 /* HtmlConfig.swift in Sources */ = {isa = PBXBuildFile; fileRef = 8408254024DBAAA6007D0769 /* HtmlConfig.swift */; };
		8408254324DBABC8007D0769 /* ServerConfig.swift in Sources */ = {isa = PBXBuildFile; fileRef = 8408254224DBABC8007D0769 /* ServerConfig.swift */; };
		8408258624EE144B007D0769 /* BulidModuleController.swift in Sources */ = {isa = PBXBuildFile; fileRef = 8408258524EE144B007D0769 /* BulidModuleController.swift */; };
		849F497424FCCC8500641EB5 /* WeakScriptMessageDelegate.swift in Sources */ = {isa = PBXBuildFile; fileRef = 849F497324FCCC8500641EB5 /* WeakScriptMessageDelegate.swift */; };
		849F4CCB24FE64F400641EB5 /* allenjiang.cer in Resources */ = {isa = PBXBuildFile; fileRef = 849F4CCA24FE63E600641EB5 /* allenjiang.cer */; };
		849F4CCC24FE64F400641EB5 /* allenjiang.p12 in Resources */ = {isa = PBXBuildFile; fileRef = 849F4CC924FE63E600641EB5 /* allenjiang.p12 */; };
		8D1FD76F2508EDF2001FF993 /* magic-cache.plist in Resources */ = {isa = PBXBuildFile; fileRef = 8D1FD76E2508EDF2001FF993 /* magic-cache.plist */; };
		BFACE04C24FF39AE00C4653A /* ZipArchive.framework in Frameworks */ = {isa = PBXBuildFile; fileRef = 849F4CB224FE2E4000641EB5 /* ZipArchive.framework */; };
		BFACE04D24FF39AE00C4653A /* ZipArchive.framework in Embed Frameworks */ = {isa = PBXBuildFile; fileRef = 849F4CB224FE2E4000641EB5 /* ZipArchive.framework */; settings = {ATTRIBUTES = (CodeSignOnCopy, RemoveHeadersOnCopy, ); }; };
		BFACE05924FF39BE00C4653A /* Alamofire.framework in Frameworks */ = {isa = PBXBuildFile; fileRef = 840824D824D7C2BF007D0769 /* Alamofire.framework */; };
		BFACE05A24FF39BE00C4653A /* Alamofire.framework in Embed Frameworks */ = {isa = PBXBuildFile; fileRef = 840824D824D7C2BF007D0769 /* Alamofire.framework */; settings = {ATTRIBUTES = (CodeSignOnCopy, RemoveHeadersOnCopy, ); }; };
		BFACE05C24FF961700C4653A /* PrinterConfig.swift in Sources */ = {isa = PBXBuildFile; fileRef = BFACE05B24FF961700C4653A /* PrinterConfig.swift */; };
		BFC1DE702507579D00295CF6 /* ESPGuideCode.m in Sources */ = {isa = PBXBuildFile; fileRef = BFC1DE4C2507579D00295CF6 /* ESPGuideCode.m */; };
		BFC1DE712507579D00295CF6 /* ESPTouchGenerator.m in Sources */ = {isa = PBXBuildFile; fileRef = BFC1DE4D2507579D00295CF6 /* ESPTouchGenerator.m */; };
		BFC1DE722507579D00295CF6 /* ESPDataCode.m in Sources */ = {isa = PBXBuildFile; fileRef = BFC1DE512507579D00295CF6 /* ESPDataCode.m */; };
		BFC1DE732507579D00295CF6 /* ESPDatumCode.m in Sources */ = {isa = PBXBuildFile; fileRef = BFC1DE532507579D00295CF6 /* ESPDatumCode.m */; };
		BFC1DE742507579D00295CF6 /* ESP_NetUtil.m in Sources */ = {isa = PBXBuildFile; fileRef = BFC1DE552507579D00295CF6 /* ESP_NetUtil.m */; };
		BFC1DE752507579D00295CF6 /* ESP_ByteUtil.m in Sources */ = {isa = PBXBuildFile; fileRef = BFC1DE562507579D00295CF6 /* ESP_ByteUtil.m */; };
		BFC1DE762507579D00295CF6 /* ESP_WifiUtil.m in Sources */ = {isa = PBXBuildFile; fileRef = BFC1DE572507579D00295CF6 /* ESP_WifiUtil.m */; };
		BFC1DE772507579D00295CF6 /* ESP_CRC8.m in Sources */ = {isa = PBXBuildFile; fileRef = BFC1DE582507579D00295CF6 /* ESP_CRC8.m */; };
		BFC1DE782507579D00295CF6 /* ESPUDPSocketServer.m in Sources */ = {isa = PBXBuildFile; fileRef = BFC1DE602507579D00295CF6 /* ESPUDPSocketServer.m */; };
		BFC1DE792507579D00295CF6 /* ESPUDPSocketClient.m in Sources */ = {isa = PBXBuildFile; fileRef = BFC1DE612507579D00295CF6 /* ESPUDPSocketClient.m */; };
		BFC1DE7A2507579D00295CF6 /* ESPTouchController.swift in Sources */ = {isa = PBXBuildFile; fileRef = BFC1DE632507579D00295CF6 /* ESPTouchController.swift */; };
		BFC1DE7B2507579D00295CF6 /* ESPTouchNetworkDelegate.swift in Sources */ = {isa = PBXBuildFile; fileRef = BFC1DE642507579D00295CF6 /* ESPTouchNetworkDelegate.swift */; };
		BFC1DE7C2507579D00295CF6 /* ESPTouchControllerDelegate.swift in Sources */ = {isa = PBXBuildFile; fileRef = BFC1DE652507579D00295CF6 /* ESPTouchControllerDelegate.swift */; };
		BFC1DE7D2507579D00295CF6 /* ESPTouchResult.m in Sources */ = {isa = PBXBuildFile; fileRef = BFC1DE682507579D00295CF6 /* ESPTouchResult.m */; };
		BFC1DE7E2507579D00295CF6 /* ESPTouchTaskParameter.m in Sources */ = {isa = PBXBuildFile; fileRef = BFC1DE6A2507579D00295CF6 /* ESPTouchTaskParameter.m */; };
		BFC1DE7F2507579D00295CF6 /* ESPTouchTask.m in Sources */ = {isa = PBXBuildFile; fileRef = BFC1DE6B2507579D00295CF6 /* ESPTouchTask.m */; };
		BFC1DE81250757F000295CF6 /* Reachability.swift in Sources */ = {isa = PBXBuildFile; fileRef = BFC1DE80250757F000295CF6 /* Reachability.swift */; };
/* End PBXBuildFile section */

/* Begin PBXContainerItemProxy section */
		840824D724D7C2BF007D0769 /* PBXContainerItemProxy */ = {
			isa = PBXContainerItemProxy;
			containerPortal = 840824CC24D7C2BF007D0769 /* Alamofire.xcodeproj */;
			proxyType = 2;
			remoteGlobalIDString = F8111E3319A95C8B0040E7D1;
			remoteInfo = "Alamofire iOS";
		};
		840824D924D7C2BF007D0769 /* PBXContainerItemProxy */ = {
			isa = PBXContainerItemProxy;
			containerPortal = 840824CC24D7C2BF007D0769 /* Alamofire.xcodeproj */;
			proxyType = 2;
			remoteGlobalIDString = F8111E3E19A95C8B0040E7D1;
			remoteInfo = "Alamofire iOS Tests";
		};
		840824DB24D7C2BF007D0769 /* PBXContainerItemProxy */ = {
			isa = PBXContainerItemProxy;
			containerPortal = 840824CC24D7C2BF007D0769 /* Alamofire.xcodeproj */;
			proxyType = 2;
			remoteGlobalIDString = 4DD67C0B1A5C55C900ED2280;
			remoteInfo = "Alamofire macOS";
		};
		840824DD24D7C2BF007D0769 /* PBXContainerItemProxy */ = {
			isa = PBXContainerItemProxy;
			containerPortal = 840824CC24D7C2BF007D0769 /* Alamofire.xcodeproj */;
			proxyType = 2;
			remoteGlobalIDString = F829C6B21A7A94F100A2CD59;
			remoteInfo = "Alamofire macOS Tests";
		};
		840824DF24D7C2BF007D0769 /* PBXContainerItemProxy */ = {
			isa = PBXContainerItemProxy;
			containerPortal = 840824CC24D7C2BF007D0769 /* Alamofire.xcodeproj */;
			proxyType = 2;
			remoteGlobalIDString = 4CF626EF1BA7CB3E0011A099;
			remoteInfo = "Alamofire tvOS";
		};
		840824E124D7C2BF007D0769 /* PBXContainerItemProxy */ = {
			isa = PBXContainerItemProxy;
			containerPortal = 840824CC24D7C2BF007D0769 /* Alamofire.xcodeproj */;
			proxyType = 2;
			remoteGlobalIDString = 4CF626F81BA7CB3E0011A099;
			remoteInfo = "Alamofire tvOS Tests";
		};
		840824E324D7C2BF007D0769 /* PBXContainerItemProxy */ = {
			isa = PBXContainerItemProxy;
			containerPortal = 840824CC24D7C2BF007D0769 /* Alamofire.xcodeproj */;
			proxyType = 2;
			remoteGlobalIDString = E4202FE01B667AA100C997FB;
			remoteInfo = "Alamofire watchOS";
		};
		849F4CB124FE2E4000641EB5 /* PBXContainerItemProxy */ = {
			isa = PBXContainerItemProxy;
			containerPortal = 849F4CAC24FE2E4000641EB5 /* ZipArchive.xcodeproj */;
			proxyType = 2;
			remoteGlobalIDString = B423AE1A1C0DF76A0004A2F1;
			remoteInfo = "ZipArchive-iOS";
		};
		849F4CB324FE2E4000641EB5 /* PBXContainerItemProxy */ = {
			isa = PBXContainerItemProxy;
			containerPortal = 849F4CAC24FE2E4000641EB5 /* ZipArchive.xcodeproj */;
			proxyType = 2;
			remoteGlobalIDString = AFF75A241C37279600F450AC;
			remoteInfo = "ZipArchive-Mac";
		};
/* End PBXContainerItemProxy section */

/* Begin PBXCopyFilesBuildPhase section */
		BFACE04E24FF39AE00C4653A /* Embed Frameworks */ = {
			isa = PBXCopyFilesBuildPhase;
			buildActionMask = 2147483647;
			dstPath = "";
			dstSubfolderSpec = 10;
			files = (
				BFACE04D24FF39AE00C4653A /* ZipArchive.framework in Embed Frameworks */,
				BFACE05A24FF39BE00C4653A /* Alamofire.framework in Embed Frameworks */,
			);
			name = "Embed Frameworks";
			runOnlyForDeploymentPostprocessing = 0;
		};
/* End PBXCopyFilesBuildPhase section */

/* Begin PBXFileReference section */
		840822F724D3E436007D0769 /* Three3D.app */ = {isa = PBXFileReference; explicitFileType = wrapper.application; includeInIndex = 0; path = Three3D.app; sourceTree = BUILT_PRODUCTS_DIR; };
		840822FA24D3E436007D0769 /* AppDelegate.swift */ = {isa = PBXFileReference; lastKnownFileType = sourcecode.swift; path = AppDelegate.swift; sourceTree = "<group>"; };
		840822FC24D3E436007D0769 /* ViewController.swift */ = {isa = PBXFileReference; lastKnownFileType = sourcecode.swift; path = ViewController.swift; sourceTree = "<group>"; };
		840822FF24D3E436007D0769 /* Base */ = {isa = PBXFileReference; lastKnownFileType = file.storyboard; name = Base; path = Base.lproj/Main.storyboard; sourceTree = "<group>"; };
		8408230124D3E436007D0769 /* Assets.xcassets */ = {isa = PBXFileReference; lastKnownFileType = folder.assetcatalog; path = Assets.xcassets; sourceTree = "<group>"; };
		8408230424D3E436007D0769 /* Base */ = {isa = PBXFileReference; lastKnownFileType = file.storyboard; name = Base; path = Base.lproj/LaunchScreen.storyboard; sourceTree = "<group>"; };
		8408230624D3E436007D0769 /* Info.plist */ = {isa = PBXFileReference; lastKnownFileType = text.plist.xml; path = Info.plist; sourceTree = "<group>"; };
		8408231424D3E4DB007D0769 /* Three3D-Bridging-Header.h */ = {isa = PBXFileReference; lastKnownFileType = sourcecode.c.h; path = "Three3D-Bridging-Header.h"; sourceTree = "<group>"; };
		8408247124D3EF47007D0769 /* assets */ = {isa = PBXFileReference; lastKnownFileType = folder; path = assets; sourceTree = "<group>"; };
		840824CC24D7C2BF007D0769 /* Alamofire.xcodeproj */ = {isa = PBXFileReference; lastKnownFileType = "wrapper.pb-project"; name = Alamofire.xcodeproj; path = "Alamofire-4.2.0/Alamofire.xcodeproj"; sourceTree = "<group>"; };
		840824F424D930C8007D0769 /* libz.tbd */ = {isa = PBXFileReference; lastKnownFileType = "sourcecode.text-based-dylib-definition"; name = libz.tbd; path = usr/lib/libz.tbd; sourceTree = SDKROOT; };
		8408252E24D939E5007D0769 /* libiconv.tbd */ = {isa = PBXFileReference; lastKnownFileType = "sourcecode.text-based-dylib-definition"; name = libiconv.tbd; path = usr/lib/libiconv.tbd; sourceTree = SDKROOT; };
		8408253124DA5921007D0769 /* AlamofireTools.swift */ = {isa = PBXFileReference; lastKnownFileType = sourcecode.swift; path = AlamofireTools.swift; sourceTree = "<group>"; };
		8408253324DA59FF007D0769 /* FileTools.swift */ = {isa = PBXFileReference; lastKnownFileType = sourcecode.swift; path = FileTools.swift; sourceTree = "<group>"; };
		8408253624DA5D28007D0769 /* WebHost.swift */ = {isa = PBXFileReference; lastKnownFileType = sourcecode.swift; path = WebHost.swift; sourceTree = "<group>"; };
		8408253824DA8956007D0769 /* StlDealToos.swift */ = {isa = PBXFileReference; lastKnownFileType = sourcecode.swift; path = StlDealToos.swift; sourceTree = "<group>"; };
		8408253A24DA8B05007D0769 /* StlGcode.swift */ = {isa = PBXFileReference; lastKnownFileType = sourcecode.swift; path = StlGcode.swift; sourceTree = "<group>"; };
		8408253C24DA9E5E007D0769 /* StringTools.swift */ = {isa = PBXFileReference; lastKnownFileType = sourcecode.swift; path = StringTools.swift; sourceTree = "<group>"; };
		8408253E24DAAABA007D0769 /* FMDBManager.swift */ = {isa = PBXFileReference; lastKnownFileType = sourcecode.swift; path = FMDBManager.swift; sourceTree = "<group>"; };
		8408254024DBAAA6007D0769 /* HtmlConfig.swift */ = {isa = PBXFileReference; lastKnownFileType = sourcecode.swift; path = HtmlConfig.swift; sourceTree = "<group>"; };
		8408254224DBABC8007D0769 /* ServerConfig.swift */ = {isa = PBXFileReference; lastKnownFileType = sourcecode.swift; path = ServerConfig.swift; sourceTree = "<group>"; };
		8408258524EE144B007D0769 /* BulidModuleController.swift */ = {isa = PBXFileReference; lastKnownFileType = sourcecode.swift; path = BulidModuleController.swift; sourceTree = "<group>"; };
		849F497324FCCC8500641EB5 /* WeakScriptMessageDelegate.swift */ = {isa = PBXFileReference; lastKnownFileType = sourcecode.swift; path = WeakScriptMessageDelegate.swift; sourceTree = "<group>"; };
		849F4CAC24FE2E4000641EB5 /* ZipArchive.xcodeproj */ = {isa = PBXFileReference; lastKnownFileType = "wrapper.pb-project"; name = ZipArchive.xcodeproj; path = "ZipArchive-2.0.4/ZipArchive.xcodeproj"; sourceTree = "<group>"; };
		849F4CC924FE63E600641EB5 /* allenjiang.p12 */ = {isa = PBXFileReference; lastKnownFileType = file; path = allenjiang.p12; sourceTree = "<group>"; };
		849F4CCA24FE63E600641EB5 /* allenjiang.cer */ = {isa = PBXFileReference; lastKnownFileType = file; path = allenjiang.cer; sourceTree = "<group>"; };
		8D1FD76E2508EDF2001FF993 /* magic-cache.plist */ = {isa = PBXFileReference; lastKnownFileType = text.plist.xml; path = "magic-cache.plist"; sourceTree = "<group>"; };
		BFACE05B24FF961700C4653A /* PrinterConfig.swift */ = {isa = PBXFileReference; lastKnownFileType = sourcecode.swift; path = PrinterConfig.swift; sourceTree = "<group>"; };
		BFC1DE2525074F8900295CF6 /* RealityKit.framework */ = {isa = PBXFileReference; lastKnownFileType = wrapper.framework; name = RealityKit.framework; path = System/Library/Frameworks/RealityKit.framework; sourceTree = SDKROOT; };
		BFC1DE4C2507579D00295CF6 /* ESPGuideCode.m */ = {isa = PBXFileReference; fileEncoding = 4; lastKnownFileType = sourcecode.c.objc; path = ESPGuideCode.m; sourceTree = "<group>"; };
		BFC1DE4D2507579D00295CF6 /* ESPTouchGenerator.m */ = {isa = PBXFileReference; fileEncoding = 4; lastKnownFileType = sourcecode.c.objc; path = ESPTouchGenerator.m; sourceTree = "<group>"; };
		BFC1DE4E2507579D00295CF6 /* ESPDataCode.h */ = {isa = PBXFileReference; fileEncoding = 4; lastKnownFileType = sourcecode.c.h; path = ESPDataCode.h; sourceTree = "<group>"; };
		BFC1DE4F2507579D00295CF6 /* ESPDatumCode.h */ = {isa = PBXFileReference; fileEncoding = 4; lastKnownFileType = sourcecode.c.h; path = ESPDatumCode.h; sourceTree = "<group>"; };
		BFC1DE502507579D00295CF6 /* ESPGuideCode.h */ = {isa = PBXFileReference; fileEncoding = 4; lastKnownFileType = sourcecode.c.h; path = ESPGuideCode.h; sourceTree = "<group>"; };
		BFC1DE512507579D00295CF6 /* ESPDataCode.m */ = {isa = PBXFileReference; fileEncoding = 4; lastKnownFileType = sourcecode.c.objc; path = ESPDataCode.m; sourceTree = "<group>"; };
		BFC1DE522507579D00295CF6 /* ESPTouchGenerator.h */ = {isa = PBXFileReference; fileEncoding = 4; lastKnownFileType = sourcecode.c.h; path = ESPTouchGenerator.h; sourceTree = "<group>"; };
		BFC1DE532507579D00295CF6 /* ESPDatumCode.m */ = {isa = PBXFileReference; fileEncoding = 4; lastKnownFileType = sourcecode.c.objc; path = ESPDatumCode.m; sourceTree = "<group>"; };
		BFC1DE552507579D00295CF6 /* ESP_NetUtil.m */ = {isa = PBXFileReference; fileEncoding = 4; lastKnownFileType = sourcecode.c.objc; path = ESP_NetUtil.m; sourceTree = "<group>"; };
		BFC1DE562507579D00295CF6 /* ESP_ByteUtil.m */ = {isa = PBXFileReference; fileEncoding = 4; lastKnownFileType = sourcecode.c.objc; path = ESP_ByteUtil.m; sourceTree = "<group>"; };
		BFC1DE572507579D00295CF6 /* ESP_WifiUtil.m */ = {isa = PBXFileReference; fileEncoding = 4; lastKnownFileType = sourcecode.c.objc; path = ESP_WifiUtil.m; sourceTree = "<group>"; };
		BFC1DE582507579D00295CF6 /* ESP_CRC8.m */ = {isa = PBXFileReference; fileEncoding = 4; lastKnownFileType = sourcecode.c.objc; path = ESP_CRC8.m; sourceTree = "<group>"; };
		BFC1DE592507579D00295CF6 /* ESPVersionMacro.h */ = {isa = PBXFileReference; fileEncoding = 4; lastKnownFileType = sourcecode.c.h; path = ESPVersionMacro.h; sourceTree = "<group>"; };
		BFC1DE5A2507579D00295CF6 /* ESP_NetUtil.h */ = {isa = PBXFileReference; fileEncoding = 4; lastKnownFileType = sourcecode.c.h; path = ESP_NetUtil.h; sourceTree = "<group>"; };
		BFC1DE5B2507579D00295CF6 /* ESP_ByteUtil.h */ = {isa = PBXFileReference; fileEncoding = 4; lastKnownFileType = sourcecode.c.h; path = ESP_ByteUtil.h; sourceTree = "<group>"; };
		BFC1DE5C2507579D00295CF6 /* ESP_CRC8.h */ = {isa = PBXFileReference; fileEncoding = 4; lastKnownFileType = sourcecode.c.h; path = ESP_CRC8.h; sourceTree = "<group>"; };
		BFC1DE5D2507579D00295CF6 /* ESP_WifiUtil.h */ = {isa = PBXFileReference; fileEncoding = 4; lastKnownFileType = sourcecode.c.h; path = ESP_WifiUtil.h; sourceTree = "<group>"; };
		BFC1DE5F2507579D00295CF6 /* ESPUDPSocketClient.h */ = {isa = PBXFileReference; fileEncoding = 4; lastKnownFileType = sourcecode.c.h; path = ESPUDPSocketClient.h; sourceTree = "<group>"; };
		BFC1DE602507579D00295CF6 /* ESPUDPSocketServer.m */ = {isa = PBXFileReference; fileEncoding = 4; lastKnownFileType = sourcecode.c.objc; path = ESPUDPSocketServer.m; sourceTree = "<group>"; };
		BFC1DE612507579D00295CF6 /* ESPUDPSocketClient.m */ = {isa = PBXFileReference; fileEncoding = 4; lastKnownFileType = sourcecode.c.objc; path = ESPUDPSocketClient.m; sourceTree = "<group>"; };
		BFC1DE622507579D00295CF6 /* ESPUDPSocketServer.h */ = {isa = PBXFileReference; fileEncoding = 4; lastKnownFileType = sourcecode.c.h; path = ESPUDPSocketServer.h; sourceTree = "<group>"; };
		BFC1DE632507579D00295CF6 /* ESPTouchController.swift */ = {isa = PBXFileReference; fileEncoding = 4; lastKnownFileType = sourcecode.swift; path = ESPTouchController.swift; sourceTree = "<group>"; };
		BFC1DE642507579D00295CF6 /* ESPTouchNetworkDelegate.swift */ = {isa = PBXFileReference; fileEncoding = 4; lastKnownFileType = sourcecode.swift; path = ESPTouchNetworkDelegate.swift; sourceTree = "<group>"; };
		BFC1DE652507579D00295CF6 /* ESPTouchControllerDelegate.swift */ = {isa = PBXFileReference; fileEncoding = 4; lastKnownFileType = sourcecode.swift; path = ESPTouchControllerDelegate.swift; sourceTree = "<group>"; };
		BFC1DE662507579D00295CF6 /* ESPTouchSwift-Bridging-Header.h */ = {isa = PBXFileReference; fileEncoding = 4; lastKnownFileType = sourcecode.c.h; path = "ESPTouchSwift-Bridging-Header.h"; sourceTree = "<group>"; };
		BFC1DE682507579D00295CF6 /* ESPTouchResult.m */ = {isa = PBXFileReference; fileEncoding = 4; lastKnownFileType = sourcecode.c.objc; path = ESPTouchResult.m; sourceTree = "<group>"; };
		BFC1DE692507579D00295CF6 /* ESPTouchTaskParameter.h */ = {isa = PBXFileReference; fileEncoding = 4; lastKnownFileType = sourcecode.c.h; path = ESPTouchTaskParameter.h; sourceTree = "<group>"; };
		BFC1DE6A2507579D00295CF6 /* ESPTouchTaskParameter.m */ = {isa = PBXFileReference; fileEncoding = 4; lastKnownFileType = sourcecode.c.objc; path = ESPTouchTaskParameter.m; sourceTree = "<group>"; };
		BFC1DE6B2507579D00295CF6 /* ESPTouchTask.m */ = {isa = PBXFileReference; fileEncoding = 4; lastKnownFileType = sourcecode.c.objc; path = ESPTouchTask.m; sourceTree = "<group>"; };
		BFC1DE6D2507579D00295CF6 /* ESPTouchTask.h */ = {isa = PBXFileReference; fileEncoding = 4; lastKnownFileType = sourcecode.c.h; path = ESPTouchTask.h; sourceTree = "<group>"; };
		BFC1DE6E2507579D00295CF6 /* ESPTouchResult.h */ = {isa = PBXFileReference; fileEncoding = 4; lastKnownFileType = sourcecode.c.h; path = ESPTouchResult.h; sourceTree = "<group>"; };
		BFC1DE6F2507579D00295CF6 /* ESPTouchDelegate.h */ = {isa = PBXFileReference; fileEncoding = 4; lastKnownFileType = sourcecode.c.h; path = ESPTouchDelegate.h; sourceTree = "<group>"; };
		BFC1DE80250757F000295CF6 /* Reachability.swift */ = {isa = PBXFileReference; fileEncoding = 4; lastKnownFileType = sourcecode.swift; name = Reachability.swift; path = "ESPtouchSwift-master/ESPTouchSwift/Reachability.swift"; sourceTree = SOURCE_ROOT; };
		BFC1DE8225076EA700295CF6 /* NetworkExtension.framework */ = {isa = PBXFileReference; lastKnownFileType = wrapper.framework; name = NetworkExtension.framework; path = System/Library/Frameworks/NetworkExtension.framework; sourceTree = SDKROOT; };
		BFC1DE8425076EB200295CF6 /* ExternalAccessory.framework */ = {isa = PBXFileReference; lastKnownFileType = wrapper.framework; name = ExternalAccessory.framework; path = System/Library/Frameworks/ExternalAccessory.framework; sourceTree = SDKROOT; };
/* End PBXFileReference section */

/* Begin PBXFrameworksBuildPhase section */
		840822F424D3E436007D0769 /* Frameworks */ = {
			isa = PBXFrameworksBuildPhase;
			buildActionMask = 2147483647;
			files = (
				8408252F24D939E5007D0769 /* libiconv.tbd in Frameworks */,
				BFACE04C24FF39AE00C4653A /* ZipArchive.framework in Frameworks */,
				BFACE05924FF39BE00C4653A /* Alamofire.framework in Frameworks */,
			);
			runOnlyForDeploymentPostprocessing = 0;
		};
/* End PBXFrameworksBuildPhase section */

/* Begin PBXGroup section */
		840822EE24D3E436007D0769 = {
			isa = PBXGroup;
			children = (
				849F4CAC24FE2E4000641EB5 /* ZipArchive.xcodeproj */,
				840824CC24D7C2BF007D0769 /* Alamofire.xcodeproj */,
				840822F924D3E436007D0769 /* Three3D */,
				840822F824D3E436007D0769 /* Products */,
				8408248F24D7B85C007D0769 /* Frameworks */,
			);
			sourceTree = "<group>";
		};
		840822F824D3E436007D0769 /* Products */ = {
			isa = PBXGroup;
			children = (
				840822F724D3E436007D0769 /* Three3D.app */,
			);
			name = Products;
			sourceTree = "<group>";
		};
		840822F924D3E436007D0769 /* Three3D */ = {
			isa = PBXGroup;
			children = (
				BFC1DE80250757F000295CF6 /* Reachability.swift */,
				BFC1DE4A2507579D00295CF6 /* EspTouch */,
				849F4CCA24FE63E600641EB5 /* allenjiang.cer */,
				849F4CC924FE63E600641EB5 /* allenjiang.p12 */,
				8408247124D3EF47007D0769 /* assets */,
				840822FA24D3E436007D0769 /* AppDelegate.swift */,
				840822FC24D3E436007D0769 /* ViewController.swift */,
				840822FE24D3E436007D0769 /* Main.storyboard */,
				8408230124D3E436007D0769 /* Assets.xcassets */,
				8408230324D3E436007D0769 /* LaunchScreen.storyboard */,
				8408230624D3E436007D0769 /* Info.plist */,
				8408231424D3E4DB007D0769 /* Three3D-Bridging-Header.h */,
				8408253124DA5921007D0769 /* AlamofireTools.swift */,
				8408253324DA59FF007D0769 /* FileTools.swift */,
				8408253624DA5D28007D0769 /* WebHost.swift */,
				8408253824DA8956007D0769 /* StlDealToos.swift */,
				8408253A24DA8B05007D0769 /* StlGcode.swift */,
				8408253C24DA9E5E007D0769 /* StringTools.swift */,
				8408253E24DAAABA007D0769 /* FMDBManager.swift */,
				8408254024DBAAA6007D0769 /* HtmlConfig.swift */,
				8408254224DBABC8007D0769 /* ServerConfig.swift */,
				8408258524EE144B007D0769 /* BulidModuleController.swift */,
				849F497324FCCC8500641EB5 /* WeakScriptMessageDelegate.swift */,
				BFACE05B24FF961700C4653A /* PrinterConfig.swift */,
				8D1FD76E2508EDF2001FF993 /* magic-cache.plist */,
			);
			path = Three3D;
			sourceTree = "<group>";
		};
		8408248F24D7B85C007D0769 /* Frameworks */ = {
			isa = PBXGroup;
			children = (
				BFC1DE8425076EB200295CF6 /* ExternalAccessory.framework */,
				BFC1DE8225076EA700295CF6 /* NetworkExtension.framework */,
				BFC1DE2525074F8900295CF6 /* RealityKit.framework */,
				8408252E24D939E5007D0769 /* libiconv.tbd */,
				840824F424D930C8007D0769 /* libz.tbd */,
			);
			name = Frameworks;
			sourceTree = "<group>";
		};
		840824CD24D7C2BF007D0769 /* Products */ = {
			isa = PBXGroup;
			children = (
				840824D824D7C2BF007D0769 /* Alamofire.framework */,
				840824DA24D7C2BF007D0769 /* Alamofire iOS Tests.xctest */,
				840824DC24D7C2BF007D0769 /* Alamofire.framework */,
				840824DE24D7C2BF007D0769 /* Alamofire macOS Tests.xctest */,
				840824E024D7C2BF007D0769 /* Alamofire.framework */,
				840824E224D7C2BF007D0769 /* Alamofire tvOS Tests.xctest */,
				840824E424D7C2BF007D0769 /* Alamofire.framework */,
			);
			name = Products;
			sourceTree = "<group>";
		};
		849F4CAD24FE2E4000641EB5 /* Products */ = {
			isa = PBXGroup;
			children = (
				849F4CB224FE2E4000641EB5 /* ZipArchive.framework */,
				849F4CB424FE2E4000641EB5 /* ZipArchive.framework */,
			);
			name = Products;
			sourceTree = "<group>";
		};
		BFC1DE4A2507579D00295CF6 /* EspTouch */ = {
			isa = PBXGroup;
			children = (
				BFC1DE4B2507579D00295CF6 /* LowLevelProtocol */,
				BFC1DE542507579D00295CF6 /* Util */,
				BFC1DE5E2507579D00295CF6 /* UDP */,
				BFC1DE632507579D00295CF6 /* ESPTouchController.swift */,
				BFC1DE642507579D00295CF6 /* ESPTouchNetworkDelegate.swift */,
				BFC1DE652507579D00295CF6 /* ESPTouchControllerDelegate.swift */,
				BFC1DE662507579D00295CF6 /* ESPTouchSwift-Bridging-Header.h */,
				BFC1DE672507579D00295CF6 /* Task */,
				BFC1DE6C2507579D00295CF6 /* EspTouchProtocols */,
			);
			name = EspTouch;
			path = "ESPtouchSwift-master/ESPTouchSwift/EspTouch";
			sourceTree = SOURCE_ROOT;
		};
		BFC1DE4B2507579D00295CF6 /* LowLevelProtocol */ = {
			isa = PBXGroup;
			children = (
				BFC1DE4C2507579D00295CF6 /* ESPGuideCode.m */,
				BFC1DE4D2507579D00295CF6 /* ESPTouchGenerator.m */,
				BFC1DE4E2507579D00295CF6 /* ESPDataCode.h */,
				BFC1DE4F2507579D00295CF6 /* ESPDatumCode.h */,
				BFC1DE502507579D00295CF6 /* ESPGuideCode.h */,
				BFC1DE512507579D00295CF6 /* ESPDataCode.m */,
				BFC1DE522507579D00295CF6 /* ESPTouchGenerator.h */,
				BFC1DE532507579D00295CF6 /* ESPDatumCode.m */,
			);
			path = LowLevelProtocol;
			sourceTree = "<group>";
		};
		BFC1DE542507579D00295CF6 /* Util */ = {
			isa = PBXGroup;
			children = (
				BFC1DE552507579D00295CF6 /* ESP_NetUtil.m */,
				BFC1DE562507579D00295CF6 /* ESP_ByteUtil.m */,
				BFC1DE572507579D00295CF6 /* ESP_WifiUtil.m */,
				BFC1DE582507579D00295CF6 /* ESP_CRC8.m */,
				BFC1DE592507579D00295CF6 /* ESPVersionMacro.h */,
				BFC1DE5A2507579D00295CF6 /* ESP_NetUtil.h */,
				BFC1DE5B2507579D00295CF6 /* ESP_ByteUtil.h */,
				BFC1DE5C2507579D00295CF6 /* ESP_CRC8.h */,
				BFC1DE5D2507579D00295CF6 /* ESP_WifiUtil.h */,
			);
			path = Util;
			sourceTree = "<group>";
		};
		BFC1DE5E2507579D00295CF6 /* UDP */ = {
			isa = PBXGroup;
			children = (
				BFC1DE5F2507579D00295CF6 /* ESPUDPSocketClient.h */,
				BFC1DE602507579D00295CF6 /* ESPUDPSocketServer.m */,
				BFC1DE612507579D00295CF6 /* ESPUDPSocketClient.m */,
				BFC1DE622507579D00295CF6 /* ESPUDPSocketServer.h */,
			);
			path = UDP;
			sourceTree = "<group>";
		};
		BFC1DE672507579D00295CF6 /* Task */ = {
			isa = PBXGroup;
			children = (
				BFC1DE682507579D00295CF6 /* ESPTouchResult.m */,
				BFC1DE692507579D00295CF6 /* ESPTouchTaskParameter.h */,
				BFC1DE6A2507579D00295CF6 /* ESPTouchTaskParameter.m */,
				BFC1DE6B2507579D00295CF6 /* ESPTouchTask.m */,
			);
			path = Task;
			sourceTree = "<group>";
		};
		BFC1DE6C2507579D00295CF6 /* EspTouchProtocols */ = {
			isa = PBXGroup;
			children = (
				BFC1DE6D2507579D00295CF6 /* ESPTouchTask.h */,
				BFC1DE6E2507579D00295CF6 /* ESPTouchResult.h */,
				BFC1DE6F2507579D00295CF6 /* ESPTouchDelegate.h */,
			);
			path = EspTouchProtocols;
			sourceTree = "<group>";
		};
/* End PBXGroup section */

/* Begin PBXNativeTarget section */
		840822F624D3E436007D0769 /* Three3D */ = {
			isa = PBXNativeTarget;
			buildConfigurationList = 8408230924D3E436007D0769 /* Build configuration list for PBXNativeTarget "Three3D" */;
			buildPhases = (
				840822F324D3E436007D0769 /* Sources */,
				840822F424D3E436007D0769 /* Frameworks */,
				840822F524D3E436007D0769 /* Resources */,
				BFACE04E24FF39AE00C4653A /* Embed Frameworks */,
			);
			buildRules = (
			);
			dependencies = (
			);
			name = Three3D;
			productName = Three3D;
			productReference = 840822F724D3E436007D0769 /* Three3D.app */;
			productType = "com.apple.product-type.application";
		};
/* End PBXNativeTarget section */

/* Begin PBXProject section */
		840822EF24D3E436007D0769 /* Project object */ = {
			isa = PBXProject;
			attributes = {
				LastSwiftUpdateCheck = 1010;
				LastUpgradeCheck = 1010;
				ORGANIZATIONNAME = Kairong;
				TargetAttributes = {
					840822F624D3E436007D0769 = {
						CreatedOnToolsVersion = 10.1;
						LastSwiftMigration = 1010;
					};
				};
			};
			buildConfigurationList = 840822F224D3E436007D0769 /* Build configuration list for PBXProject "Three3D" */;
			compatibilityVersion = "Xcode 10.0";
			developmentRegion = en;
			hasScannedForEncodings = 0;
			knownRegions = (
				en,
				Base,
			);
			mainGroup = 840822EE24D3E436007D0769;
			productRefGroup = 840822F824D3E436007D0769 /* Products */;
			projectDirPath = "";
			projectReferences = (
				{
					ProductGroup = 840824CD24D7C2BF007D0769 /* Products */;
					ProjectRef = 840824CC24D7C2BF007D0769 /* Alamofire.xcodeproj */;
				},
				{
					ProductGroup = 849F4CAD24FE2E4000641EB5 /* Products */;
					ProjectRef = 849F4CAC24FE2E4000641EB5 /* ZipArchive.xcodeproj */;
				},
			);
			projectRoot = "";
			targets = (
				840822F624D3E436007D0769 /* Three3D */,
			);
		};
/* End PBXProject section */

/* Begin PBXReferenceProxy section */
		840824D824D7C2BF007D0769 /* Alamofire.framework */ = {
			isa = PBXReferenceProxy;
			fileType = wrapper.framework;
			path = Alamofire.framework;
			remoteRef = 840824D724D7C2BF007D0769 /* PBXContainerItemProxy */;
			sourceTree = BUILT_PRODUCTS_DIR;
		};
		840824DA24D7C2BF007D0769 /* Alamofire iOS Tests.xctest */ = {
			isa = PBXReferenceProxy;
			fileType = wrapper.cfbundle;
			path = "Alamofire iOS Tests.xctest";
			remoteRef = 840824D924D7C2BF007D0769 /* PBXContainerItemProxy */;
			sourceTree = BUILT_PRODUCTS_DIR;
		};
		840824DC24D7C2BF007D0769 /* Alamofire.framework */ = {
			isa = PBXReferenceProxy;
			fileType = wrapper.framework;
			path = Alamofire.framework;
			remoteRef = 840824DB24D7C2BF007D0769 /* PBXContainerItemProxy */;
			sourceTree = BUILT_PRODUCTS_DIR;
		};
		840824DE24D7C2BF007D0769 /* Alamofire macOS Tests.xctest */ = {
			isa = PBXReferenceProxy;
			fileType = wrapper.cfbundle;
			path = "Alamofire macOS Tests.xctest";
			remoteRef = 840824DD24D7C2BF007D0769 /* PBXContainerItemProxy */;
			sourceTree = BUILT_PRODUCTS_DIR;
		};
		840824E024D7C2BF007D0769 /* Alamofire.framework */ = {
			isa = PBXReferenceProxy;
			fileType = wrapper.framework;
			path = Alamofire.framework;
			remoteRef = 840824DF24D7C2BF007D0769 /* PBXContainerItemProxy */;
			sourceTree = BUILT_PRODUCTS_DIR;
		};
		840824E224D7C2BF007D0769 /* Alamofire tvOS Tests.xctest */ = {
			isa = PBXReferenceProxy;
			fileType = wrapper.cfbundle;
			path = "Alamofire tvOS Tests.xctest";
			remoteRef = 840824E124D7C2BF007D0769 /* PBXContainerItemProxy */;
			sourceTree = BUILT_PRODUCTS_DIR;
		};
		840824E424D7C2BF007D0769 /* Alamofire.framework */ = {
			isa = PBXReferenceProxy;
			fileType = wrapper.framework;
			path = Alamofire.framework;
			remoteRef = 840824E324D7C2BF007D0769 /* PBXContainerItemProxy */;
			sourceTree = BUILT_PRODUCTS_DIR;
		};
		849F4CB224FE2E4000641EB5 /* ZipArchive.framework */ = {
			isa = PBXReferenceProxy;
			fileType = wrapper.framework;
			path = ZipArchive.framework;
			remoteRef = 849F4CB124FE2E4000641EB5 /* PBXContainerItemProxy */;
			sourceTree = BUILT_PRODUCTS_DIR;
		};
		849F4CB424FE2E4000641EB5 /* ZipArchive.framework */ = {
			isa = PBXReferenceProxy;
			fileType = wrapper.framework;
			path = ZipArchive.framework;
			remoteRef = 849F4CB324FE2E4000641EB5 /* PBXContainerItemProxy */;
			sourceTree = BUILT_PRODUCTS_DIR;
		};
/* End PBXReferenceProxy section */

/* Begin PBXResourcesBuildPhase section */
		840822F524D3E436007D0769 /* Resources */ = {
			isa = PBXResourcesBuildPhase;
			buildActionMask = 2147483647;
			files = (
				849F4CCB24FE64F400641EB5 /* allenjiang.cer in Resources */,
				8D1FD76F2508EDF2001FF993 /* magic-cache.plist in Resources */,
				849F4CCC24FE64F400641EB5 /* allenjiang.p12 in Resources */,
				8408230524D3E436007D0769 /* LaunchScreen.storyboard in Resources */,
				8408247224D3EF47007D0769 /* assets in Resources */,
				8408230224D3E436007D0769 /* Assets.xcassets in Resources */,
				8408230024D3E436007D0769 /* Main.storyboard in Resources */,
			);
			runOnlyForDeploymentPostprocessing = 0;
		};
/* End PBXResourcesBuildPhase section */

/* Begin PBXSourcesBuildPhase section */
		840822F324D3E436007D0769 /* Sources */ = {
			isa = PBXSourcesBuildPhase;
			buildActionMask = 2147483647;
			files = (
				BFC1DE712507579D00295CF6 /* ESPTouchGenerator.m in Sources */,
				840822FD24D3E436007D0769 /* ViewController.swift in Sources */,
				BFC1DE722507579D00295CF6 /* ESPDataCode.m in Sources */,
				BFC1DE7F2507579D00295CF6 /* ESPTouchTask.m in Sources */,
				8408253724DA5D28007D0769 /* WebHost.swift in Sources */,
				BFC1DE772507579D00295CF6 /* ESP_CRC8.m in Sources */,
				849F497424FCCC8500641EB5 /* WeakScriptMessageDelegate.swift in Sources */,
				8408253D24DA9E5E007D0769 /* StringTools.swift in Sources */,
				BFC1DE7A2507579D00295CF6 /* ESPTouchController.swift in Sources */,
				BFC1DE752507579D00295CF6 /* ESP_ByteUtil.m in Sources */,
				BFC1DE792507579D00295CF6 /* ESPUDPSocketClient.m in Sources */,
				BFC1DE782507579D00295CF6 /* ESPUDPSocketServer.m in Sources */,
				8408253424DA59FF007D0769 /* FileTools.swift in Sources */,
				BFC1DE742507579D00295CF6 /* ESP_NetUtil.m in Sources */,
				BFC1DE7E2507579D00295CF6 /* ESPTouchTaskParameter.m in Sources */,
				840822FB24D3E436007D0769 /* AppDelegate.swift in Sources */,
				BFC1DE7B2507579D00295CF6 /* ESPTouchNetworkDelegate.swift in Sources */,
				BFACE05C24FF961700C4653A /* PrinterConfig.swift in Sources */,
				BFC1DE81250757F000295CF6 /* Reachability.swift in Sources */,
				BFC1DE732507579D00295CF6 /* ESPDatumCode.m in Sources */,
				BFC1DE7D2507579D00295CF6 /* ESPTouchResult.m in Sources */,
				8408258624EE144B007D0769 /* BulidModuleController.swift in Sources */,
				BFC1DE7C2507579D00295CF6 /* ESPTouchControllerDelegate.swift in Sources */,
				8408254124DBAAA6007D0769 /* HtmlConfig.swift in Sources */,
				8408253F24DAAABA007D0769 /* FMDBManager.swift in Sources */,
				8408253224DA5921007D0769 /* AlamofireTools.swift in Sources */,
				BFC1DE702507579D00295CF6 /* ESPGuideCode.m in Sources */,
				BFC1DE762507579D00295CF6 /* ESP_WifiUtil.m in Sources */,
				8408254324DBABC8007D0769 /* ServerConfig.swift in Sources */,
				8408253B24DA8B05007D0769 /* StlGcode.swift in Sources */,
				8408253924DA8956007D0769 /* StlDealToos.swift in Sources */,
			);
			runOnlyForDeploymentPostprocessing = 0;
		};
/* End PBXSourcesBuildPhase section */

/* Begin PBXVariantGroup section */
		840822FE24D3E436007D0769 /* Main.storyboard */ = {
			isa = PBXVariantGroup;
			children = (
				840822FF24D3E436007D0769 /* Base */,
			);
			name = Main.storyboard;
			sourceTree = "<group>";
		};
		8408230324D3E436007D0769 /* LaunchScreen.storyboard */ = {
			isa = PBXVariantGroup;
			children = (
				8408230424D3E436007D0769 /* Base */,
			);
			name = LaunchScreen.storyboard;
			sourceTree = "<group>";
		};
/* End PBXVariantGroup section */

/* Begin XCBuildConfiguration section */
		8408230724D3E436007D0769 /* Debug */ = {
			isa = XCBuildConfiguration;
			buildSettings = {
				ALWAYS_SEARCH_USER_PATHS = NO;
				CLANG_ANALYZER_NONNULL = YES;
				CLANG_ANALYZER_NUMBER_OBJECT_CONVERSION = YES_AGGRESSIVE;
				CLANG_CXX_LANGUAGE_STANDARD = "gnu++14";
				CLANG_CXX_LIBRARY = "libc++";
				CLANG_ENABLE_MODULES = YES;
				CLANG_ENABLE_OBJC_ARC = YES;
				CLANG_ENABLE_OBJC_WEAK = YES;
				CLANG_WARN_BLOCK_CAPTURE_AUTORELEASING = YES;
				CLANG_WARN_BOOL_CONVERSION = YES;
				CLANG_WARN_COMMA = YES;
				CLANG_WARN_CONSTANT_CONVERSION = YES;
				CLANG_WARN_DEPRECATED_OBJC_IMPLEMENTATIONS = YES;
				CLANG_WARN_DIRECT_OBJC_ISA_USAGE = YES_ERROR;
				CLANG_WARN_DOCUMENTATION_COMMENTS = YES;
				CLANG_WARN_EMPTY_BODY = YES;
				CLANG_WARN_ENUM_CONVERSION = YES;
				CLANG_WARN_INFINITE_RECURSION = YES;
				CLANG_WARN_INT_CONVERSION = YES;
				CLANG_WARN_NON_LITERAL_NULL_CONVERSION = YES;
				CLANG_WARN_OBJC_IMPLICIT_RETAIN_SELF = YES;
				CLANG_WARN_OBJC_LITERAL_CONVERSION = YES;
				CLANG_WARN_OBJC_ROOT_CLASS = YES_ERROR;
				CLANG_WARN_RANGE_LOOP_ANALYSIS = YES;
				CLANG_WARN_STRICT_PROTOTYPES = YES;
				CLANG_WARN_SUSPICIOUS_MOVE = YES;
				CLANG_WARN_UNGUARDED_AVAILABILITY = YES_AGGRESSIVE;
				CLANG_WARN_UNREACHABLE_CODE = YES;
				CLANG_WARN__DUPLICATE_METHOD_MATCH = YES;
				CODE_SIGN_IDENTITY = "iPhone Developer";
				COPY_PHASE_STRIP = NO;
				DEBUG_INFORMATION_FORMAT = dwarf;
				ENABLE_STRICT_OBJC_MSGSEND = YES;
				ENABLE_TESTABILITY = YES;
				GCC_C_LANGUAGE_STANDARD = gnu11;
				GCC_DYNAMIC_NO_PIC = NO;
				GCC_NO_COMMON_BLOCKS = YES;
				GCC_OPTIMIZATION_LEVEL = 0;
				GCC_PREPROCESSOR_DEFINITIONS = (
					"DEBUG=1",
					"$(inherited)",
				);
				GCC_WARN_64_TO_32_BIT_CONVERSION = YES;
				GCC_WARN_ABOUT_RETURN_TYPE = YES_ERROR;
				GCC_WARN_UNDECLARED_SELECTOR = YES;
				GCC_WARN_UNINITIALIZED_AUTOS = YES_AGGRESSIVE;
				GCC_WARN_UNUSED_FUNCTION = YES;
				GCC_WARN_UNUSED_VARIABLE = YES;
				IPHONEOS_DEPLOYMENT_TARGET = 12.1;
				MTL_ENABLE_DEBUG_INFO = INCLUDE_SOURCE;
				MTL_FAST_MATH = YES;
				ONLY_ACTIVE_ARCH = YES;
				SDKROOT = iphoneos;
				SWIFT_ACTIVE_COMPILATION_CONDITIONS = DEBUG;
				SWIFT_OBJC_BRIDGING_HEADER = "$(SRCROOT)/Three3D/Three3D-Bridging-Header.h";
				SWIFT_OPTIMIZATION_LEVEL = "-Onone";
				USER_HEADER_SEARCH_PATHS = "$(SRCROOT)/**";
			};
			name = Debug;
		};
		8408230824D3E436007D0769 /* Release */ = {
			isa = XCBuildConfiguration;
			buildSettings = {
				ALWAYS_SEARCH_USER_PATHS = NO;
				CLANG_ANALYZER_NONNULL = YES;
				CLANG_ANALYZER_NUMBER_OBJECT_CONVERSION = YES_AGGRESSIVE;
				CLANG_CXX_LANGUAGE_STANDARD = "gnu++14";
				CLANG_CXX_LIBRARY = "libc++";
				CLANG_ENABLE_MODULES = YES;
				CLANG_ENABLE_OBJC_ARC = YES;
				CLANG_ENABLE_OBJC_WEAK = YES;
				CLANG_WARN_BLOCK_CAPTURE_AUTORELEASING = YES;
				CLANG_WARN_BOOL_CONVERSION = YES;
				CLANG_WARN_COMMA = YES;
				CLANG_WARN_CONSTANT_CONVERSION = YES;
				CLANG_WARN_DEPRECATED_OBJC_IMPLEMENTATIONS = YES;
				CLANG_WARN_DIRECT_OBJC_ISA_USAGE = YES_ERROR;
				CLANG_WARN_DOCUMENTATION_COMMENTS = YES;
				CLANG_WARN_EMPTY_BODY = YES;
				CLANG_WARN_ENUM_CONVERSION = YES;
				CLANG_WARN_INFINITE_RECURSION = YES;
				CLANG_WARN_INT_CONVERSION = YES;
				CLANG_WARN_NON_LITERAL_NULL_CONVERSION = YES;
				CLANG_WARN_OBJC_IMPLICIT_RETAIN_SELF = YES;
				CLANG_WARN_OBJC_LITERAL_CONVERSION = YES;
				CLANG_WARN_OBJC_ROOT_CLASS = YES_ERROR;
				CLANG_WARN_RANGE_LOOP_ANALYSIS = YES;
				CLANG_WARN_STRICT_PROTOTYPES = YES;
				CLANG_WARN_SUSPICIOUS_MOVE = YES;
				CLANG_WARN_UNGUARDED_AVAILABILITY = YES_AGGRESSIVE;
				CLANG_WARN_UNREACHABLE_CODE = YES;
				CLANG_WARN__DUPLICATE_METHOD_MATCH = YES;
				CODE_SIGN_IDENTITY = "iPhone Developer";
				COPY_PHASE_STRIP = NO;
				DEBUG_INFORMATION_FORMAT = "dwarf-with-dsym";
				ENABLE_NS_ASSERTIONS = NO;
				ENABLE_STRICT_OBJC_MSGSEND = YES;
				GCC_C_LANGUAGE_STANDARD = gnu11;
				GCC_NO_COMMON_BLOCKS = YES;
				GCC_WARN_64_TO_32_BIT_CONVERSION = YES;
				GCC_WARN_ABOUT_RETURN_TYPE = YES_ERROR;
				GCC_WARN_UNDECLARED_SELECTOR = YES;
				GCC_WARN_UNINITIALIZED_AUTOS = YES_AGGRESSIVE;
				GCC_WARN_UNUSED_FUNCTION = YES;
				GCC_WARN_UNUSED_VARIABLE = YES;
				IPHONEOS_DEPLOYMENT_TARGET = 12.1;
				MTL_ENABLE_DEBUG_INFO = NO;
				MTL_FAST_MATH = YES;
				SDKROOT = iphoneos;
				SWIFT_COMPILATION_MODE = wholemodule;
				SWIFT_OBJC_BRIDGING_HEADER = "$(SRCROOT)/Three3D/Three3D-Bridging-Header.h";
				SWIFT_OPTIMIZATION_LEVEL = "-O";
				USER_HEADER_SEARCH_PATHS = "$(SRCROOT)/**";
				VALIDATE_PRODUCT = YES;
			};
			name = Release;
		};
		8408230A24D3E436007D0769 /* Debug */ = {
			isa = XCBuildConfiguration;
			buildSettings = {
				ASSETCATALOG_COMPILER_APPICON_NAME = AppIcon;
				CLANG_ENABLE_MODULES = YES;
				CODE_SIGN_ENTITLEMENTS = Three3D/Three3D.entitlements;
				CODE_SIGN_STYLE = Automatic;
				DEVELOPMENT_TEAM = 983MVWKP57;
				INFOPLIST_FILE = Three3D/Info.plist;
				IPHONEOS_DEPLOYMENT_TARGET = 10.0;
				LD_RUNPATH_SEARCH_PATHS = (
					"$(inherited)",
					"@executable_path/Frameworks",
				);
				LIBRARY_SEARCH_PATHS = (
					"$(inherited)",
					"$(PROJECT_DIR)/Three3D/ESPtouch",
				);
				PRODUCT_BUNDLE_IDENTIFIER = com.kairong.Three3D;
				PRODUCT_NAME = "$(TARGET_NAME)";
				SWIFT_OBJC_BRIDGING_HEADER = "Three3D/Three3D-Bridging-Header.h";
				SWIFT_OPTIMIZATION_LEVEL = "-Onone";
				SWIFT_VERSION = 4.2;
				TARGETED_DEVICE_FAMILY = "1,2";
			};
			name = Debug;
		};
		8408230B24D3E436007D0769 /* Release */ = {
			isa = XCBuildConfiguration;
			buildSettings = {
				ASSETCATALOG_COMPILER_APPICON_NAME = AppIcon;
				CLANG_ENABLE_MODULES = YES;
				CODE_SIGN_ENTITLEMENTS = Three3D/Three3D.entitlements;
				CODE_SIGN_STYLE = Automatic;
				DEVELOPMENT_TEAM = 983MVWKP57;
				INFOPLIST_FILE = Three3D/Info.plist;
				IPHONEOS_DEPLOYMENT_TARGET = 10.0;
				LD_RUNPATH_SEARCH_PATHS = (
					"$(inherited)",
					"@executable_path/Frameworks",
				);
				LIBRARY_SEARCH_PATHS = (
					"$(inherited)",
					"$(PROJECT_DIR)/Three3D/ESPtouch",
				);
				PRODUCT_BUNDLE_IDENTIFIER = com.kairong.Three3D;
				PRODUCT_NAME = "$(TARGET_NAME)";
				SWIFT_OBJC_BRIDGING_HEADER = "Three3D/Three3D-Bridging-Header.h";
				SWIFT_VERSION = 4.2;
				TARGETED_DEVICE_FAMILY = "1,2";
			};
			name = Release;
		};
/* End XCBuildConfiguration section */

/* Begin XCConfigurationList section */
		840822F224D3E436007D0769 /* Build configuration list for PBXProject "Three3D" */ = {
			isa = XCConfigurationList;
			buildConfigurations = (
				8408230724D3E436007D0769 /* Debug */,
				8408230824D3E436007D0769 /* Release */,
			);
			defaultConfigurationIsVisible = 0;
			defaultConfigurationName = Release;
		};
		8408230924D3E436007D0769 /* Build configuration list for PBXNativeTarget "Three3D" */ = {
			isa = XCConfigurationList;
			buildConfigurations = (
				8408230A24D3E436007D0769 /* Debug */,
				8408230B24D3E436007D0769 /* Release */,
			);
			defaultConfigurationIsVisible = 0;
			defaultConfigurationName = Release;
		};
/* End XCConfigurationList section */
	};
	rootObject = 840822EF24D3E436007D0769 /* Project object */;
}
